
Microsoft Visual Studio Solution File, Format Version 12.00
Project("{FAE04EC0-301F-11D3-BF4B-00C04F79EFBC}") = "Taksi.Client", "Taksi.Client\Taksi.Client.csproj", "{76C7F876-FEE0-4433-A8E7-FEF5FBF2D4DA}"
EndProject
Project("{FAE04EC0-301F-11D3-BF4B-00C04F79EFBC}") = "Taksi.Driver", "Taksi.Driver\Taksi.Driver.csproj", "{DE66390F-392D-46ED-9575-E1C85E6D315F}"
EndProject
Project("{FAE04EC0-301F-11D3-BF4B-00C04F79EFBC}") = "Taksi.Server", "Taksi.Server\Taksi.Server.csproj", "{B8606224-81AC-4791-921F-329C2A635CCD}"
EndProject
Project("{FAE04EC0-301F-11D3-BF4B-00C04F79EFBC}") = "Taksi.Common", "Taksi.Common\Taksi.Common.csproj", "{C5428013-A3D6-4B4B-8B34-FCCE90117378}"
EndProject
Global
	GlobalSection(SolutionConfigurationPlatforms) = preSolution
		Debug|Any CPU = Debug|Any CPU
		Release|Any CPU = Release|Any CPU
	EndGlobalSection
	GlobalSection(ProjectConfigurationPlatforms) = postSolution
		{76C7F876-FEE0-4433-A8E7-FEF5FBF2D4DA}.Debug|Any CPU.ActiveCfg = Debug|Any CPU
		{76C7F876-FEE0-4433-A8E7-FEF5FBF2D4DA}.Debug|Any CPU.Build.0 = Debug|Any CPU
		{76C7F876-FEE0-4433-A8E7-FEF5FBF2D4DA}.Release|Any CPU.ActiveCfg = Release|Any CPU
		{76C7F876-FEE0-4433-A8E7-FEF5FBF2D4DA}.Release|Any CPU.Build.0 = Release|Any CPU
		{DE66390F-392D-46ED-9575-E1C85E6D315F}.Debug|Any CPU.ActiveCfg = Debug|Any CPU
		{DE66390F-392D-46ED-9575-E1C85E6D315F}.Debug|Any CPU.Build.0 = Debug|Any CPU
		{DE66390F-392D-46ED-9575-E1C85E6D315F}.Release|Any CPU.ActiveCfg = Release|Any CPU
		{DE66390F-392D-46ED-9575-E1C85E6D315F}.Release|Any CPU.Build.0 = Release|Any CPU
		{B8606224-81AC-4791-921F-329C2A635CCD}.Debug|Any CPU.ActiveCfg = Debug|Any CPU
		{B8606224-81AC-4791-921F-329C2A635CCD}.Debug|Any CPU.Build.0 = Debug|Any CPU
		{B8606224-81AC-4791-921F-329C2A635CCD}.Release|Any CPU.ActiveCfg = Release|Any CPU
		{B8606224-81AC-4791-921F-329C2A635CCD}.Release|Any CPU.Build.0 = Release|Any CPU
		{C5428013-A3D6-4B4B-8B34-FCCE90117378}.Debug|Any CPU.ActiveCfg = Debug|Any CPU
		{C5428013-A3D6-4B4B-8B34-FCCE90117378}.Debug|Any CPU.Build.0 = Debug|Any CPU
		{C5428013-A3D6-4B4B-8B34-FCCE90117378}.Release|Any CPU.ActiveCfg = Release|Any CPU
		{C5428013-A3D6-4B4B-8B34-FCCE90117378}.Release|Any CPU.Build.0 = Release|Any CPU
	EndGlobalSection
EndGlobal
